github.com/Azure/go-ansiterm v0.0.0-20160425224613-388960b65524 h1:kyo7Ce1d2RtxZBCp4y/ommREtHPeXUU2bYRJoCgyJX8=
github.com/Azure/go-ansiterm v0.0.0-20160425224613-388960b65524/go.mod h1:LmzpDX56iTiv29bbRTIsUNlaFfuhWRQBWjQdVyAevI8=
github.com/BurntSushi/toml v0.1.1-0.20160102144748-5c4df71dfe9a h1:xrUE5z0ZdXKgezv7ImgqXATQ+tMal+fdF8fE7SE+gJA=
github.com/BurntSushi/toml v0.1.1-0.20160102144748-5c4df71dfe9a/go.mod h1:xHWCNGjB5oqiDr8zfno3MHue2Ht5sIBksp03qcyfWMU=
github.com/Microsoft/go-winio v0.3.8 h1:dvxbxtpTIjdAbx2OtL26p4eq0iEvys/U5yrsTJb3NZI=
github.com/Microsoft/go-winio v0.3.8/go.mod h1:VhR8bwka0BXejwEJY73c50VrPtXAaKcyvVC4A4RozmA=
github.com/Sirupsen/logrus v0.8.6-0.20150724014903-11538ee6888f h1:dPVEF6h8MfU+Ujc96iuvW6qZlbvz+P0z/82+svT0LqE=
github.com/Sirupsen/logrus v0.8.6-0.20150724014903-11538ee6888f/go.mod h1:rmk17hk6i8ZSAJkSDa7nOxamrG+SP4P0mm+DAvExv4U=
github.com/boltdb/bolt v1.1.1-0.20151112151049-0b00effdd7a8 h1:T3gzYI91mHUrZtbc4Kk9rNI8NpQRhEMzVA6QJ3xRcVo=
github.com/boltdb/bolt v1.1.1-0.20151112151049-0b00effdd7a8/go.mod h1:clJnj/oiGkjum5o1McbSZDSLxVThjynRyGBgiAx27Ps=
github.com/docker/distribution v2.7.1+incompatible h1:a5mlkVzth6W5A4fOsS3D2EO5BUmsJpcB+cRlLU7cSug=
github.com/docker/distribution v2.7.1+incompatible/go.mod h1:J2gT2udsDAN96Uj4KfcMRqY0/ypR+oyYUYmja8H+y+w=
github.com/docker/docker v1.4.2-0.20160819200957-09b929083d34 h1:WlCZW/K82TtICZXcPAQIK6cpGPbXu38vkJ2e01AawXY=
github.com/docker/docker v1.4.2-0.20160819200957-09b929083d34/go.mod h1:eEKB0N0r5NX/I1kEveEz05bcu8tLC/8azJZsviup8Sk=
github.com/docker/engine-api v0.4.1-0.20160908232104-4290f40c0566 h1:S02HakxupRs+HZdHv6qfFfb6EDK+VZApNTYmVFppg7I=
github.com/docker/engine-api v0.4.1-0.20160908232104-4290f40c0566/go.mod h1:xtQCpzf4YysNZCVFfIGIm7qfLvYbxtLkEVVfKhTVOvw=
github.com/docker/go-connections v0.2.0 h1:tV+S3i76CmPRYmR3NMDUFyr2HTP+3gL+xEPy146TPig=
github.com/docker/go-connections v0.2.0/go.mod h1:Gbd7IOopHjR8Iph03tsViu4nIes5XhDvyHbTtUxmeec=
github.com/docker/go-units v0.3.0 h1:69LhctGQbg0wZ2bTvwFsuPXPnhe6T2+0UMsxh+rBYZg=
github.com/docker/go-units v0.3.0/go.mod h1:fgPhTUdO+D/Jk86RDLlptpiXQzgHJF7gydDDbaIK4Dk=
github.com/docker/machine v0.12.2 h1:hnEiFuJKxmals/98skBZ5Oq7aWU1Ah3YKMUluQHvtLA=
github.com/docker/machine v0.12.2/go.mod h1:I8mPNDeK1uH+JTcUU7X0ZW8KiYz0jyAgNaeSJ1rCfDI=
github.com/fsnotify/fsnotify v1.3.2-0.20160816051541-f12c6236fe7b h1:clQtr7BsnoijdumdhlbbOGglPb1lIAJ3yTPjYOHlKdQ=
github.com/fsnotify/fsnotify v1.3.2-0.20160816051541-f12c6236fe7b/go.mod h1:jwhsz4b93w/PPRr/qN1Yymfu8t87LnFCMoQvtojpjFo=
github.com/hashicorp/hcl v0.0.0-20160119202737-578dd9746824 h1:HVcjV7by+C4mSaxWw8MJO9Ig1pA1OUqwGtE+N901118=
github.com/hashicorp/hcl v0.0.0-20160119202737-578dd9746824/go.mod h1:oZtUIOe8dh44I2q6ScRibXws4Ajl+d+nod3AaR9vL5w=
github.com/inconshreveable/mousetrap v1.0.0 h1:Z8tu5sraLXCXIcARxBp/8cbvlwVa7Z1NHg9XEKhtSvM=
github.com/inconshreveable/mousetrap v1.0.0/go.mod h1:PxqpIevigyE2G7u3NXJIT2ANytuPF1OarO4DADm73n8=
github.com/jcelliott/lumber v0.0.0-20160324203708-dd349441af25 h1:EFT6MH3igZK/dIVqgGbTqWVvkZ7wJ5iGN03SVtvvdd8=
github.com/jcelliott/lumber v0.0.0-20160324203708-dd349441af25/go.mod h1:sWkGw/wsaHtRsT9zGQ/WyJCotGWG/Anow/9hsAcBWRw=
github.com/kr/pretty v0.0.0-20150520163514-e6ac2fc51e89 h1:Smt4CPhAnATQEGlX/nyqGETX4Tj8bg/7shBT5gH8d7s=
github.com/kr/pretty v0.0.0-20150520163514-e6ac2fc51e89/go.mod h1:Bvhd+E3laJ0AVkG0c9rmtZcnhV0HQ3+c3YxxqTvc/gA=
github.com/kr/text v0.0.0-20150905224508-bb797dc4fb83 h1:zIzxNaBxRxmbPPCgya4J5KccVN23qXA/V75oApRNahI=
github.com/kr/text v0.0.0-20150905224508-bb797dc4fb83/go.mod h1:sjUstKUATFIcff4qlB53Kml0wQPtJVc/3fWrmuUmcfA=
github.com/lyondhill/vtclean v0.0.0-20170214195231-ea70112eba8c h1:6szcz6CIKGLFw9fjOlpV123GQBWWzQAXpjvk5xFzkic=
github.com/lyondhill/vtclean v0.0.0-20170214195231-ea70112eba8c/go.mod h1:Ypaq4fyxvYAqjlaZ/6790j8IaX8qgpMk4npyRqR+1lA=
github.com/magiconair/properties v1.6.1-0.20151221213149-c81f9d71af8f h1:i0qIYnnNb+u80O3KUCNlVOFezoKlKg1J96/XzTILLnI=
github.com/magiconair/properties v1.6.1-0.20151221213149-c81f9d71af8f/go.mod h1:PppfXfuXeibc/6YijjN8zIbojt8czPbwD3XqdrwzmxQ=
github.com/mitchellh/colorstring v0.0.0-20150228181156-61164e49940b h1:8l4UBG/vLryhtBKCqDISs2o7qWZ97Yobli2dISS3DCw=
github.com/mitchellh/colorstring v0.0.0-20150228181156-61164e49940b/go.mod h1:l0dey0ia/Uv7NcFFVbCLtqEBQbrT4OCwCSKTEv6enCw=
github.com/mitchellh/go-homedir v0.0.0-20150822234538-56f508a88415 h1:Ym3sGVE9r44t5QLEUo7yPvjAGzk8YqhyyAfizLo/2x4=
github.com/mitchellh/go-homedir v0.0.0-20150822234538-56f508a88415/go.mod h1:SfyaCUpYCn1Vlf4IUYiD9fPX4A5wJrkLzIz1N1q0pr0=
github.com/mitchellh/go-wordwrap v0.0.0-20150314170334-ad45545899c7/go.mod h1:ZXFpozHsX6DPmq2I0TCekCxypsnAUbP2oI0UX1GXzOo=
github.com/mitchellh/mapstructure v0.0.0-20150717051158-281073eb9eb0 h1:6VeKv8nNMVKA6qmZLYnPTx0tJ//NbDj1SbubWIikJ9k=
github.com/mitchellh/mapstructure v0.0.0-20150717051158-281073eb9eb0/go.mod h1:FVVH3fgwuzCH5S8UJGiWEs2h04kUh9fWfEaFds41c1Y=
github.com/mu-box/golang-docker-client v0.0.0-20170901184207-d1683dd8c7dd h1:DXzE/1MQQEM0aWb7fJLWxpFm+u03927R29RsTfk+wZI=
github.com/mu-box/golang-docker-client v0.0.0-20170901184207-d1683dd8c7dd/go.mod h1:ovvxNzYWjWiDSQ2FgxRFoBJ01XIKPgUuTKntOr+Trik=
github.com/mu-box/golang-portal-client v0.0.0-20170901184416-350613abb874 h1:K5+2v41aPTLEO7pRy67KahelsmWhBE6wANsEW/2VI54=
github.com/mu-box/golang-portal-client v0.0.0-20170901184416-350613abb874/go.mod h1:qRF+mMqBhKEMhn5mIKa4fzl1F5BaIQoZjwshTdEY31U=
github.com/mu-box/golang-ssh v0.0.0-20160912150335-b42e3bb3b407 h1:G31/TZCJRqdqpF3MbXovPw3tvPsjspHyedH9JTzXgQA=
github.com/mu-box/golang-ssh v0.0.0-20160912150335-b42e3bb3b407/go.mod h1:ZKYr775dsuT81p5GCDxYqwXR4R2UqT825teDzQeob74=
github.com/mu-box/logvac v0.1.1-0.20220117225559-b6e0df9e9085 h1:0RC5MBXtzzAiowXrB4ZQ4F3dHcGO7Ehxzk+YgjjCK18=
github.com/mu-box/logvac v0.1.1-0.20220117225559-b6e0df9e9085/go.mod h1:tNLMzpa7IdhIaBM/EbbOHIK1zHaMbcNpaeJKsytMKhk=
github.com/mu-box/microbox-boxfile v0.0.0-20170803212006-213ff24b93f4 h1:KqhKDSgc/1Ann/nfHwC3LBiAuD3kLhfAJqvwDxyaqxg=
github.com/mu-box/microbox-boxfile v0.0.0-20170803212006-213ff24b93f4/go.mod h1:3AJhyEVx57FEeR+BowCAoLh1Jh00IfW6lZc5nKi4XlE=
github.com/mu-box/microbox-golang-stylish v0.0.0-20160617201242-030019c3e9a9/go.mod h1:pxocGM+Ev1fIoxflQEIufq90i5KQkW0ULpA6/0mcujQ=
github.com/mu-box/mist v1.1.1-0.20220117224314-b4d1190bc7a4 h1:3mdJfOpDVB8D2yKaeeSX3fNxqfqA3bQ9ioEKI9tx6Ws=
github.com/mu-box/mist v1.1.1-0.20220117224314-b4d1190bc7a4/go.mod h1:HWGxRt5KMS8Mt892z5KU4iClTrfWsLXWjTZLm/AigHg=
github.com/opencontainers/go-digest v1.0.0 h1:apOUWs51W5PlhuyGyz9FCeeBIOUDA/6nW8Oi/yOhh5U=
github.com/opencontainers/go-digest v1.0.0/go.mod h1:0JzlMkj0TRzQZfJkVvzbP0HBR3IKzErnv2BNG4W4MAM=
github.com/opencontainers/runc v0.0.9-0.20160219032739-0107c7fb6cef h1:C9pokjJ4MRX4lMZTxfW8NAcPCohb5pONusRERqEC/Cs=
github.com/opencontainers/runc v0.0.9-0.20160219032739-0107c7fb6cef/go.mod h1:qT5XzbpPznkRYVz/mWwUaVBUv2rmF59PVA73FjuZG0U=
github.com/spf13/cast v0.0.0-20151218135219-ee7b3e035316 h1:ewDvguiDYTmhbP+hILV+IplQQM88stMcBcjFOPV7lSE=
github.com/spf13/cast v0.0.0-20151218135219-ee7b3e035316/go.mod h1:r2rcYCSwa1IExKTDiTfzaxqT2FNHs8hODu4LnUfgKEg=
github.com/spf13/cobra v0.0.0-20160117030938-8e91712f174c h1:/ODmDm3R+Y64VFQ1uI4byBgBdkqSVNmMYFoSjk2ZEDE=
github.com/spf13/cobra v0.0.0-20160117030938-8e91712f174c/go.mod h1:1l0Ry5zgKvJasoi3XT1TypsSe7PqH0Sj9dhYf7v3XqQ=
github.com/spf13/jwalterweatherman v0.0.0-20151231185856-d00654080cdd h1:9bF+yGiaGsgj11cktC7g+ir97H+vzvSvXv6asp/f0rs=
github.com/spf13/jwalterweatherman v0.0.0-20151231185856-d00654080cdd/go.mod h1:cQK4TGJAtQXfYWX+Ddv3mKDzgVb68N+wFjFa4jdeBTo=
github.com/spf13/pflag v0.0.0-20151218134703-7f60f83a2c81 h1:e8OMOPK+iXlzdnq5GOtSZDnw9HJi1faEKhCoEIxVUrY=
github.com/spf13/pflag v0.0.0-20151218134703-7f60f83a2c81/go.mod h1:DYY7MBk1bdzusC3SYhjObp+wFpr4gzcvqqNjLnInEg4=
github.com/spf13/viper v0.0.0-20160111150723-a212099cbe6f h1:T1rEZOdhsGHqU9MsaeM++g5Q89YaqJBFmA0Smj9bj6E=
github.com/spf13/viper v0.0.0-20160111150723-a212099cbe6f/go.mod h1:A8kyI5cUJhb8N+3pkfONlcEcZbueH6nhAm0Fq7SrnBM=
github.com/timehop/go-mixpanel v0.0.0-20150630220933-9b81eaf1f33e h1:ZPjKMUFz42BgHCCNLiJrcSn9AR7yHy9w+9T9tzabLCs=
github.com/timehop/go-mixpanel v0.0.0-20150630220933-9b81eaf1f33e/go.mod h1:wBJNkxs2qJ5kDg7128ujYvH0oDRcGBJ0ijXhlyMvymo=
golang.org/x/crypto v0.0.0-20160912150327-e311231e8319 h1:omlN+qS1UZ1L8O+V8NDVP3xLbdNZNiQhRmsncKhLTxk=
golang.org/x/crypto v0.0.0-20160912150327-e311231e8319/go.mod h1:6SG95UA2DQfeDnfUPMdvaQW0Q7yPrPDi9nlGo2tz2b4=
golang.org/x/net v0.0.0-20170824174428-57efc9c3d9f9 h1:5dWUD2H++BOa8+DJzqUYOpTtpAWE6OZZJWhf1BgJR48=
golang.org/x/net v0.0.0-20170824174428-57efc9c3d9f9/go.mod h1:mL1N/T3taQHkDXs73rZJwtUhF3w3ftmwwsq0BUmARs4=
golang.org/x/sys v0.0.0-20170322234810-8fd966b47dbd h1:JY0hXVDqgct7/fqe7CkIIBT8Vm6oGUSyu/zmdOWz/3w=
golang.org/x/sys v0.0.0-20170322234810-8fd966b47dbd/go.mod h1:STP8DvDyc/dI5b8T5hshtkjS+E42TnysNCUPdjciGhY=
gopkg.in/fsnotify.v1 v1.2.9 h1:sQ4u2nqc93srqGq6uKE2mzSxC2XJF34qBut5caJJUQw=
gopkg.in/fsnotify.v1 v1.2.9/go.mod h1:Tz8NjZHkW78fSQdbUxIjBTcgA1z1m8ZHf0WmKUhAMys=
gopkg.in/yaml.v2 v2.0.0-20151201162745-f7716cbe52ba h1:zs5kJPNmBQxScpRIdp+2eZySRHFWheLSbXfME4zAxgw=
gopkg.in/yaml.v2 v2.0.0-20151201162745-f7716cbe52ba/go.mod h1:JAlM8MvJe8wmxCU4Bli9HhUf9+ttbYbLASfIpnQbh74=
